
Microsoft Visual Studio Solution File, Format Version 12.00
# Visual Studio Version 17
VisualStudioVersion = 17.4.33213.308
MinimumVisualStudioVersion = 10.0.40219.1
Project("{9A19103F-16F7-4668-BE54-9A1E7A4F7556}") = "MTConsole", "MTConsole\MTConsole.csproj", "{A3276B00-0E4F-4DF2-BD3A-E202354EB9A7}"
EndProject
Project("{FAE04EC0-301F-11D3-BF4B-00C04F79EFBC}") = "MarsRoverTests", "MarsRoverTests\MarsRoverTests.csproj", "{15F11C0A-FC65-47D5-8E67-944635EC1C0F}"
EndProject
Global
	GlobalSection(SolutionConfigurationPlatforms) = preSolution
		Debug|Any CPU = Debug|Any CPU
		Release|Any CPU = Release|Any CPU
	EndGlobalSection
	GlobalSection(ProjectConfigurationPlatforms) = postSolution
		{A3276B00-0E4F-4DF2-BD3A-E202354EB9A7}.Debug|Any CPU.ActiveCfg = Debug|Any CPU
		{A3276B00-0E4F-4DF2-BD3A-E202354EB9A7}.Debug|Any CPU.Build.0 = Debug|Any CPU
		{A3276B00-0E4F-4DF2-BD3A-E202354EB9A7}.Release|Any CPU.ActiveCfg = Release|Any CPU
		{A3276B00-0E4F-4DF2-BD3A-E202354EB9A7}.Release|Any CPU.Build.0 = Release|Any CPU
		{15F11C0A-FC65-47D5-8E67-944635EC1C0F}.Debug|Any CPU.ActiveCfg = Debug|Any CPU
		{15F11C0A-FC65-47D5-8E67-944635EC1C0F}.Debug|Any CPU.Build.0 = Debug|Any CPU
		{15F11C0A-FC65-47D5-8E67-944635EC1C0F}.Release|Any CPU.ActiveCfg = Release|Any CPU
		{15F11C0A-FC65-47D5-8E67-944635EC1C0F}.Release|Any CPU.Build.0 = Release|Any CPU
	EndGlobalSection
	GlobalSection(SolutionProperties) = preSolution
		HideSolutionNode = FALSE
	EndGlobalSection
	GlobalSection(ExtensibilityGlobals) = postSolution
		SolutionGuid = {DD3B11D4-B58D-4671-907B-A1DBB8F75164}
	EndGlobalSection
EndGlobal
